
Microsoft Visual Studio Solution File, Format Version 12.00
# Visual Studio 14
VisualStudioVersion = 14.0.25420.1
MinimumVisualStudioVersion = 10.0.40219.1
Project("{FAE04EC0-301F-11D3-BF4B-00C04F79EFBC}") = "WebApp", "WebApp\WebApp.csproj", "{6B872582-1B98-48CE-9296-33C59C613895}"
EndProject
Project("{E24C65DC-7377-472B-9ABA-BC803B73C61A}") = "Web", "..\..\WebSites\Web\", "{DD89E67C-15A7-45B8-A2A7-B463888A5952}"
	ProjectSection(WebsiteProperties) = preProject
		TargetFrameworkMoniker = ".NETFramework,Version%3Dv4.6.1"
		Debug.AspNetCompiler.VirtualPath = "/localhost_63245"
		Debug.AspNetCompiler.PhysicalPath = "..\..\WebSites\Web\"
		Debug.AspNetCompiler.TargetPath = "PrecompiledWeb\localhost_63245\"
		Debug.AspNetCompiler.Updateable = "true"
		Debug.AspNetCompiler.ForceOverwrite = "true"
		Debug.AspNetCompiler.FixedNames = "false"
		Debug.AspNetCompiler.Debug = "True"
		Release.AspNetCompiler.VirtualPath = "/localhost_63245"
		Release.AspNetCompiler.PhysicalPath = "..\..\WebSites\Web\"
		Release.AspNetCompiler.TargetPath = "PrecompiledWeb\localhost_63245\"
		Release.AspNetCompiler.Updateable = "true"
		Release.AspNetCompiler.ForceOverwrite = "true"
		Release.AspNetCompiler.FixedNames = "false"
		Release.AspNetCompiler.Debug = "False"
		VWDPort = "63245"
		SlnRelativePath = "..\..\WebSites\Web\"
		DefaultWebSiteLanguage = "Visual C#"
	EndProjectSection
EndProject
Global
	GlobalSection(SolutionConfigurationPlatforms) = preSolution
		Debug|Any CPU = Debug|Any CPU
		Release|Any CPU = Release|Any CPU
	EndGlobalSection
	GlobalSection(ProjectConfigurationPlatforms) = postSolution
		{6B872582-1B98-48CE-9296-33C59C613895}.Debug|Any CPU.ActiveCfg = Debug|Any CPU
		{6B872582-1B98-48CE-9296-33C59C613895}.Debug|Any CPU.Build.0 = Debug|Any CPU
		{6B872582-1B98-48CE-9296-33C59C613895}.Release|Any CPU.ActiveCfg = Release|Any CPU
		{6B872582-1B98-48CE-9296-33C59C613895}.Release|Any CPU.Build.0 = Release|Any CPU
		{DD89E67C-15A7-45B8-A2A7-B463888A5952}.Debug|Any CPU.ActiveCfg = Debug|Any CPU
		{DD89E67C-15A7-45B8-A2A7-B463888A5952}.Debug|Any CPU.Build.0 = Debug|Any CPU
		{DD89E67C-15A7-45B8-A2A7-B463888A5952}.Release|Any CPU.ActiveCfg = Debug|Any CPU
		{DD89E67C-15A7-45B8-A2A7-B463888A5952}.Release|Any CPU.Build.0 = Debug|Any CPU
	EndGlobalSection
	GlobalSection(SolutionProperties) = preSolution
		HideSolutionNode = FALSE
	EndGlobalSection
EndGlobal
